
Microsoft Visual Studio Solution File, Format Version 12.00
# Visual Studio 2017
Project("{FAE04EC0-301F-11D3-BF4B-00C04F79EFBC}") = "RailwaySystemDatabaseProject", "RailwaySystemDatabaseProject.csproj", "{D10E5EBD-EC1F-42F4-B385-9F4C2995F89C}"
EndProject
Global
	GlobalSection(SolutionConfigurationPlatforms) = preSolution
		Debug|Any CPU = Debug|Any CPU
		Release|Any CPU = Release|Any CPU
	EndGlobalSection
	GlobalSection(ProjectConfigurationPlatforms) = postSolution
		{D10E5EBD-EC1F-42F4-B385-9F4C2995F89C}.Debug|Any CPU.ActiveCfg = Debug|Any CPU
		{D10E5EBD-EC1F-42F4-B385-9F4C2995F89C}.Debug|Any CPU.Build.0 = Debug|Any CPU
		{D10E5EBD-EC1F-42F4-B385-9F4C2995F89C}.Release|Any CPU.ActiveCfg = Release|Any CPU
		{D10E5EBD-EC1F-42F4-B385-9F4C2995F89C}.Release|Any CPU.Build.0 = Release|Any CPU
	EndGlobalSection
EndGlobal
